
Microsoft Visual Studio Solution File, Format Version 12.00
# Visual Studio Version 16
VisualStudioVersion = 16.0.29519.87
MinimumVisualStudioVersion = 10.0.40219.1
Project("{FAE04EC0-301F-11D3-BF4B-00C04F79EFBC}") = "ConsoleMoto", "ConsoleMoto\ConsoleMoto.csproj", "{27A915F8-61A9-46A9-A085-F00A7A383A1D}"
EndProject
Global
	GlobalSection(SolutionConfigurationPlatforms) = preSolution
		Debug|Any CPU = Debug|Any CPU
		Release|Any CPU = Release|Any CPU
	EndGlobalSection
	GlobalSection(ProjectConfigurationPlatforms) = postSolution
		{27A915F8-61A9-46A9-A085-F00A7A383A1D}.Debug|Any CPU.ActiveCfg = Debug|Any CPU
		{27A915F8-61A9-46A9-A085-F00A7A383A1D}.Debug|Any CPU.Build.0 = Debug|Any CPU
		{27A915F8-61A9-46A9-A085-F00A7A383A1D}.Release|Any CPU.ActiveCfg = Release|Any CPU
		{27A915F8-61A9-46A9-A085-F00A7A383A1D}.Release|Any CPU.Build.0 = Release|Any CPU
	EndGlobalSection
	GlobalSection(SolutionProperties) = preSolution
		HideSolutionNode = FALSE
	EndGlobalSection
	GlobalSection(ExtensibilityGlobals) = postSolution
		SolutionGuid = {1D5B1ED1-E50D-4A1D-8762-0711C7F056BA}
	EndGlobalSection
EndGlobal
